
Microsoft Visual Studio Solution File, Format Version 11.00
# Visual Studio 2010
Project("{FAE04EC0-301F-11D3-BF4B-00C04F79EFBC}") = "K2Field.Smartforms.Controls", "K2Field.Smartforms.Controls\K2Field.Smartforms.Controls.csproj", "{61EB7473-52EB-42CF-A2E2-15A30170EE73}"
EndProject
Project("{FAE04EC0-301F-11D3-BF4B-00C04F79EFBC}") = "K2Field.Smartforms.Controls.Installer", "K2Field.Smartforms.Controls.Installer\K2Field.Smartforms.Controls.Installer.csproj", "{D05F1429-AEFE-4989-9EDC-E2E43202A7ED}"
EndProject
Project("{2150E333-8FDC-42A3-9474-1A3956D46DE8}") = "Solution Items", "Solution Items", "{4957468F-A2C3-447B-9427-F3BEB9FC5C40}"
	ProjectSection(SolutionItems) = preProject
		key.snk = key.snk
		README.md = README.md
	EndProjectSection
EndProject
Project("{FAE04EC0-301F-11D3-BF4B-00C04F79EFBC}") = "SilverlightUpload", "SilverlightUpload\SilverlightUpload.csproj", "{A11F5984-A111-4475-B6A0-2710E0A1F242}"
EndProject
Global
	GlobalSection(SolutionConfigurationPlatforms) = preSolution
		Debug|Any CPU = Debug|Any CPU
		Release|Any CPU = Release|Any CPU
	EndGlobalSection
	GlobalSection(ProjectConfigurationPlatforms) = postSolution
		{61EB7473-52EB-42CF-A2E2-15A30170EE73}.Debug|Any CPU.ActiveCfg = Debug|Any CPU
		{61EB7473-52EB-42CF-A2E2-15A30170EE73}.Debug|Any CPU.Build.0 = Debug|Any CPU
		{61EB7473-52EB-42CF-A2E2-15A30170EE73}.Release|Any CPU.ActiveCfg = Release|Any CPU
		{61EB7473-52EB-42CF-A2E2-15A30170EE73}.Release|Any CPU.Build.0 = Release|Any CPU
		{D05F1429-AEFE-4989-9EDC-E2E43202A7ED}.Debug|Any CPU.ActiveCfg = Debug|Any CPU
		{D05F1429-AEFE-4989-9EDC-E2E43202A7ED}.Debug|Any CPU.Build.0 = Debug|Any CPU
		{D05F1429-AEFE-4989-9EDC-E2E43202A7ED}.Release|Any CPU.ActiveCfg = Release|Any CPU
		{D05F1429-AEFE-4989-9EDC-E2E43202A7ED}.Release|Any CPU.Build.0 = Release|Any CPU
		{A11F5984-A111-4475-B6A0-2710E0A1F242}.Debug|Any CPU.ActiveCfg = Debug|Any CPU
		{A11F5984-A111-4475-B6A0-2710E0A1F242}.Debug|Any CPU.Build.0 = Debug|Any CPU
		{A11F5984-A111-4475-B6A0-2710E0A1F242}.Release|Any CPU.ActiveCfg = Release|Any CPU
		{A11F5984-A111-4475-B6A0-2710E0A1F242}.Release|Any CPU.Build.0 = Release|Any CPU
	EndGlobalSection
	GlobalSection(SolutionProperties) = preSolution
		HideSolutionNode = FALSE
	EndGlobalSection
EndGlobal
